
Microsoft Visual Studio Solution File, Format Version 12.00
# Visual Studio Version 17
VisualStudioVersion = 17.7.34031.279
MinimumVisualStudioVersion = 10.0.40219.1
Project("{9A19103F-16F7-4668-BE54-9A1E7A4F7556}") = "CodingChallenges", "Assignment1\CodingChallenges.csproj", "{1E85CA96-0EBF-4872-90DB-E85540C118FE}"
EndProject
Project("{9A19103F-16F7-4668-BE54-9A1E7A4F7556}") = "Race", "Race\Race.csproj", "{624C66AC-510E-4AF4-948E-8BA00C8DC502}"
EndProject
Project("{9A19103F-16F7-4668-BE54-9A1E7A4F7556}") = "Composer", "Composer\Composer.csproj", "{2F605B89-D6F1-4CA7-A4A9-24834011668B}"
EndProject
Project("{9A19103F-16F7-4668-BE54-9A1E7A4F7556}") = "GuessingGame", "GuessingGame\GuessingGame.csproj", "{EED76B3A-4FD7-4FF5-8341-778117DE7A01}"
EndProject
Project("{FAE04EC0-301F-11D3-BF4B-00C04F79EFBC}") = "TwentyOne", "TwentyOne\TwentyOne.csproj", "{1390CAFE-3C4E-4D8A-A645-7EBBE0BC405A}"
EndProject
Global
	GlobalSection(SolutionConfigurationPlatforms) = preSolution
		Debug|Any CPU = Debug|Any CPU
		Release|Any CPU = Release|Any CPU
	EndGlobalSection
	GlobalSection(ProjectConfigurationPlatforms) = postSolution
		{1E85CA96-0EBF-4872-90DB-E85540C118FE}.Debug|Any CPU.ActiveCfg = Debug|Any CPU
		{1E85CA96-0EBF-4872-90DB-E85540C118FE}.Debug|Any CPU.Build.0 = Debug|Any CPU
		{1E85CA96-0EBF-4872-90DB-E85540C118FE}.Release|Any CPU.ActiveCfg = Release|Any CPU
		{1E85CA96-0EBF-4872-90DB-E85540C118FE}.Release|Any CPU.Build.0 = Release|Any CPU
		{624C66AC-510E-4AF4-948E-8BA00C8DC502}.Debug|Any CPU.ActiveCfg = Debug|Any CPU
		{624C66AC-510E-4AF4-948E-8BA00C8DC502}.Debug|Any CPU.Build.0 = Debug|Any CPU
		{624C66AC-510E-4AF4-948E-8BA00C8DC502}.Release|Any CPU.ActiveCfg = Release|Any CPU
		{624C66AC-510E-4AF4-948E-8BA00C8DC502}.Release|Any CPU.Build.0 = Release|Any CPU
		{2F605B89-D6F1-4CA7-A4A9-24834011668B}.Debug|Any CPU.ActiveCfg = Debug|Any CPU
		{2F605B89-D6F1-4CA7-A4A9-24834011668B}.Debug|Any CPU.Build.0 = Debug|Any CPU
		{2F605B89-D6F1-4CA7-A4A9-24834011668B}.Release|Any CPU.ActiveCfg = Release|Any CPU
		{2F605B89-D6F1-4CA7-A4A9-24834011668B}.Release|Any CPU.Build.0 = Release|Any CPU
		{EED76B3A-4FD7-4FF5-8341-778117DE7A01}.Debug|Any CPU.ActiveCfg = Debug|Any CPU
		{EED76B3A-4FD7-4FF5-8341-778117DE7A01}.Debug|Any CPU.Build.0 = Debug|Any CPU
		{EED76B3A-4FD7-4FF5-8341-778117DE7A01}.Release|Any CPU.ActiveCfg = Release|Any CPU
		{EED76B3A-4FD7-4FF5-8341-778117DE7A01}.Release|Any CPU.Build.0 = Release|Any CPU
		{1390CAFE-3C4E-4D8A-A645-7EBBE0BC405A}.Debug|Any CPU.ActiveCfg = Debug|Any CPU
		{1390CAFE-3C4E-4D8A-A645-7EBBE0BC405A}.Debug|Any CPU.Build.0 = Debug|Any CPU
		{1390CAFE-3C4E-4D8A-A645-7EBBE0BC405A}.Release|Any CPU.ActiveCfg = Release|Any CPU
		{1390CAFE-3C4E-4D8A-A645-7EBBE0BC405A}.Release|Any CPU.Build.0 = Release|Any CPU
	EndGlobalSection
	GlobalSection(SolutionProperties) = preSolution
		HideSolutionNode = FALSE
	EndGlobalSection
	GlobalSection(ExtensibilityGlobals) = postSolution
		SolutionGuid = {58D87FC2-9139-4259-A676-0D54C47B7C1F}
	EndGlobalSection
EndGlobal
